
Microsoft Visual Studio Solution File, Format Version 12.00
# Visual Studio Version 17
VisualStudioVersion = 17.14.36127.28 d17.14
MinimumVisualStudioVersion = 10.0.40219.1
Project("{FAE04EC0-301F-11D3-BF4B-00C04F79EFBC}") = "TraderDev", "TraderDev\TraderDev.csproj", "{ADA34727-F7B3-41D9-B28E-B9D016A956CF}"
EndProject
Global
	GlobalSection(SolutionConfigurationPlatforms) = preSolution
		Debug|Any CPU = Debug|Any CPU
		Release|Any CPU = Release|Any CPU
	EndGlobalSection
	GlobalSection(ProjectConfigurationPlatforms) = postSolution
		{ADA34727-F7B3-41D9-B28E-B9D016A956CF}.Debug|Any CPU.ActiveCfg = Debug|Any CPU
		{ADA34727-F7B3-41D9-B28E-B9D016A956CF}.Debug|Any CPU.Build.0 = Debug|Any CPU
		{ADA34727-F7B3-41D9-B28E-B9D016A956CF}.Release|Any CPU.ActiveCfg = Release|Any CPU
		{ADA34727-F7B3-41D9-B28E-B9D016A956CF}.Release|Any CPU.Build.0 = Release|Any CPU
	EndGlobalSection
	GlobalSection(SolutionProperties) = preSolution
		HideSolutionNode = FALSE
	EndGlobalSection
	GlobalSection(ExtensibilityGlobals) = postSolution
		SolutionGuid = {5C4A9479-1210-466D-895F-356F9A092DF1}
	EndGlobalSection
EndGlobal
